// !$*UTF8*$!
{
	archiveVersion = 1;
	classes = {
	};
	objectVersion = 46;
	objects = {

/* Begin PBXBuildFile section */
		06E274081D5C26FC0034D325 /* main.m in Sources */ = {isa = PBXBuildFile; fileRef = 06E274071D5C26FC0034D325 /* main.m */; };
		06E2740B1D5C26FC0034D325 /* AppDelegate.m in Sources */ = {isa = PBXBuildFile; fileRef = 06E2740A1D5C26FC0034D325 /* AppDelegate.m */; };
		06E2740E1D5C26FC0034D325 /* ViewController.m in Sources */ = {isa = PBXBuildFile; fileRef = 06E2740D1D5C26FC0034D325 /* ViewController.m */; };
		06E274111D5C26FC0034D325 /* Main.storyboard in Resources */ = {isa = PBXBuildFile; fileRef = 06E2740F1D5C26FC0034D325 /* Main.storyboard */; };
		06E274131D5C26FC0034D325 /* Assets.xcassets in Resources */ = {isa = PBXBuildFile; fileRef = 06E274121D5C26FC0034D325 /* Assets.xcassets */; };
		06E274161D5C26FC0034D325 /* LaunchScreen.storyboard in Resources */ = {isa = PBXBuildFile; fileRef = 06E274141D5C26FC0034D325 /* LaunchScreen.storyboard */; };
		06E274201D5C27B30034D325 /* GTTableView.m in Sources */ = {isa = PBXBuildFile; fileRef = 06E2741F1D5C27B30034D325 /* GTTableView.m */; };
		06E274231D5C27E70034D325 /* GTCollectionViewLayout.m in Sources */ = {isa = PBXBuildFile; fileRef = 06E274221D5C27E70034D325 /* GTCollectionViewLayout.m */; };
		06E274261D5C2A430034D325 /* GTCollectionViewTextCell.m in Sources */ = {isa = PBXBuildFile; fileRef = 06E274251D5C2A430034D325 /* GTCollectionViewTextCell.m */; };
/* End PBXBuildFile section */

/* Begin PBXFileReference section */
		06E274031D5C26FC0034D325 /* GridTable.app */ = {isa = PBXFileReference; explicitFileType = wrapper.application; includeInIndex = 0; path = GridTable.app; sourceTree = BUILT_PRODUCTS_DIR; };
		06E274071D5C26FC0034D325 /* main.m */ = {isa = PBXFileReference; lastKnownFileType = sourcecode.c.objc; path = main.m; sourceTree = "<group>"; };
		06E274091D5C26FC0034D325 /* AppDelegate.h */ = {isa = PBXFileReference; lastKnownFileType = sourcecode.c.h; path = AppDelegate.h; sourceTree = "<group>"; };
		06E2740A1D5C26FC0034D325 /* AppDelegate.m */ = {isa = PBXFileReference; lastKnownFileType = sourcecode.c.objc; path = AppDelegate.m; sourceTree = "<group>"; };
		06E2740C1D5C26FC0034D325 /* ViewController.h */ = {isa = PBXFileReference; lastKnownFileType = sourcecode.c.h; path = ViewController.h; sourceTree = "<group>"; };
		06E2740D1D5C26FC0034D325 /* ViewController.m */ = {isa = PBXFileReference; lastKnownFileType = sourcecode.c.objc; path = ViewController.m; sourceTree = "<group>"; };
		06E274101D5C26FC0034D325 /* Base */ = {isa = PBXFileReference; lastKnownFileType = file.storyboard; name = Base; path = Base.lproj/Main.storyboard; sourceTree = "<group>"; };
		06E274121D5C26FC0034D325 /* Assets.xcassets */ = {isa = PBXFileReference; lastKnownFileType = folder.assetcatalog; path = Assets.xcassets; sourceTree = "<group>"; };
		06E274151D5C26FC0034D325 /* Base */ = {isa = PBXFileReference; lastKnownFileType = file.storyboard; name = Base; path = Base.lproj/LaunchScreen.storyboard; sourceTree = "<group>"; };
		06E274171D5C26FC0034D325 /* Info.plist */ = {isa = PBXFileReference; lastKnownFileType = text.plist.xml; path = Info.plist; sourceTree = "<group>"; };
		06E2741E1D5C27B30034D325 /* GTTableView.h */ = {isa = PBXFileReference; fileEncoding = 4; lastKnownFileType = sourcecode.c.h; path = GTTableView.h; sourceTree = "<group>"; };
		06E2741F1D5C27B30034D325 /* GTTableView.m */ = {isa = PBXFileReference; fileEncoding = 4; lastKnownFileType = sourcecode.c.objc; path = GTTableView.m; sourceTree = "<group>"; };
		06E274211D5C27E70034D325 /* GTCollectionViewLayout.h */ = {isa = PBXFileReference; fileEncoding = 4; lastKnownFileType = sourcecode.c.h; path = GTCollectionViewLayout.h; sourceTree = "<group>"; };
		06E274221D5C27E70034D325 /* GTCollectionViewLayout.m */ = {isa = PBXFileReference; fileEncoding = 4; lastKnownFileType = sourcecode.c.objc; path = GTCollectionViewLayout.m; sourceTree = "<group>"; };
		06E274241D5C2A430034D325 /* GTCollectionViewTextCell.h */ = {isa = PBXFileReference; fileEncoding = 4; lastKnownFileType = sourcecode.c.h; path = GTCollectionViewTextCell.h; sourceTree = "<group>"; };
		06E274251D5C2A430034D325 /* GTCollectionViewTextCell.m */ = {isa = PBXFileReference; fileEncoding = 4; lastKnownFileType = sourcecode.c.objc; path = GTCollectionViewTextCell.m; sourceTree = "<group>"; };
/* End PBXFileReference section */

/* Begin PBXFrameworksBuildPhase section */
		06E274001D5C26FC0034D325 /* Frameworks */ = {
			isa = PBXFrameworksBuildPhase;
			buildActionMask = 2147483647;
			files = (
			);
			runOnlyForDeploymentPostprocessing = 0;
		};
/* End PBXFrameworksBuildPhase section */

/* Begin PBXGroup section */
		06E273FA1D5C26FC0034D325 = {
			isa = PBXGroup;
			children = (
				06E274051D5C26FC0034D325 /* GridTable */,
				06E274041D5C26FC0034D325 /* Products */,
			);
			sourceTree = "<group>";
		};
		06E274041D5C26FC0034D325 /* Products */ = {
			isa = PBXGroup;
			children = (
				06E274031D5C26FC0034D325 /* GridTable.app */,
			);
			name = Products;
			sourceTree = "<group>";
		};
		06E274051D5C26FC0034D325 /* GridTable */ = {
			isa = PBXGroup;
			children = (
				06E2741D1D5C277F0034D325 /* GridTable */,
				06E274091D5C26FC0034D325 /* AppDelegate.h */,
				06E2740A1D5C26FC0034D325 /* AppDelegate.m */,
				06E2740C1D5C26FC0034D325 /* ViewController.h */,
				06E2740D1D5C26FC0034D325 /* ViewController.m */,
				06E2740F1D5C26FC0034D325 /* Main.storyboard */,
				06E274121D5C26FC0034D325 /* Assets.xcassets */,
				06E274141D5C26FC0034D325 /* LaunchScreen.storyboard */,
				06E274171D5C26FC0034D325 /* Info.plist */,
				06E274061D5C26FC0034D325 /* Supporting Files */,
			);
			path = GridTable;
			sourceTree = "<group>";
		};
		06E274061D5C26FC0034D325 /* Supporting Files */ = {
			isa = PBXGroup;
			children = (
				06E274071D5C26FC0034D325 /* main.m */,
			);
			name = "Supporting Files";
			sourceTree = "<group>";
		};
		06E2741D1D5C277F0034D325 /* GridTable */ = {
			isa = PBXGroup;
			children = (
				06E2741E1D5C27B30034D325 /* GTTableView.h */,
				06E2741F1D5C27B30034D325 /* GTTableView.m */,
				06E274211D5C27E70034D325 /* GTCollectionViewLayout.h */,
				06E274221D5C27E70034D325 /* GTCollectionViewLayout.m */,
				06E274241D5C2A430034D325 /* GTCollectionViewTextCell.h */,
				06E274251D5C2A430034D325 /* GTCollectionViewTextCell.m */,
			);
			path = GridTable;
			sourceTree = "<group>";
		};
/* End PBXGroup section */

/* Begin PBXNativeTarget section */
		06E274021D5C26FC0034D325 /* GridTable */ = {
			isa = PBXNativeTarget;
			buildConfigurationList = 06E2741A1D5C26FC0034D325 /* Build configuration list for PBXNativeTarget "GridTable" */;
			buildPhases = (
				06E273FF1D5C26FC0034D325 /* Sources */,
				06E274001D5C26FC0034D325 /* Frameworks */,
				06E274011D5C26FC0034D325 /* Resources */,
			);
			buildRules = (
			);
			dependencies = (
			);
			name = GridTable;
			productName = GridTable;
			productReference = 06E274031D5C26FC0034D325 /* GridTable.app */;
			productType = "com.apple.product-type.application";
		};
/* End PBXNativeTarget section */

/* Begin PBXProject section */
		06E273FB1D5C26FC0034D325 /* Project object */ = {
			isa = PBXProject;
			attributes = {
				CLASSPREFIX = GT;
				LastUpgradeCheck = 0730;
				ORGANIZATIONNAME = AnyApps;
				TargetAttributes = {
					06E274021D5C26FC0034D325 = {
						CreatedOnToolsVersion = 7.3.1;
					};
				};
			};
			buildConfigurationList = 06E273FE1D5C26FC0034D325 /* Build configuration list for PBXProject "GridTable" */;
			compatibilityVersion = "Xcode 3.2";
			developmentRegion = English;
			hasScannedForEncodings = 0;
			knownRegions = (
				en,
				Base,
			);
			mainGroup = 06E273FA1D5C26FC0034D325;
			productRefGroup = 06E274041D5C26FC0034D325 /* Products */;
			projectDirPath = "";
			projectRoot = "";
			targets = (
				06E274021D5C26FC0034D325 /* GridTable */,
			);
		};
/* End PBXProject section */

/* Begin PBXResourcesBuildPhase section */
		06E274011D5C26FC0034D325 /* Resources */ = {
			isa = PBXResourcesBuildPhase;
			buildActionMask = 2147483647;
			files = (
				06E274161D5C26FC0034D325 /* LaunchScreen.storyboard in Resources */,
				06E274131D5C26FC0034D325 /* Assets.xcassets in Resources */,
				06E274111D5C26FC0034D325 /* Main.storyboard in Resources */,
			);
			runOnlyForDeploymentPostprocessing = 0;
		};
/* End PBXResourcesBuildPhase section */

/* Begin PBXSourcesBuildPhase section */
		06E273FF1D5C26FC0034D325 /* Sources */ = {
			isa = PBXSourcesBuildPhase;
			buildActionMask = 2147483647;
			files = (
				06E2740E1D5C26FC0034D325 /* ViewController.m in Sources */,
				06E2740B1D5C26FC0034D325 /* AppDelegate.m in Sources */,
				06E274261D5C2A430034D325 /* GTCollectionViewTextCell.m in Sources */,
				06E274231D5C27E70034D325 /* GTCollectionViewLayout.m in Sources */,
				06E274201D5C27B30034D325 /* GTTableView.m in Sources */,
				06E274081D5C26FC0034D325 /* main.m in Sources */,
			);
			runOnlyForDeploymentPostprocessing = 0;
		};
/* End PBXSourcesBuildPhase section */

/* Begin PBXVariantGroup section */
		06E2740F1D5C26FC0034D325 /* Main.storyboard */ = {
			isa = PBXVariantGroup;
			children = (
				06E274101D5C26FC0034D325 /* Base */,
			);
			name = Main.storyboard;
			sourceTree = "<group>";
		};
		06E274141D5C26FC0034D325 /* LaunchScreen.storyboard */ = {
			isa = PBXVariantGroup;
			children = (
				06E274151D5C26FC0034D325 /* Base */,
			);
			name = LaunchScreen.storyboard;
			sourceTree = "<group>";
		};
/* End PBXVariantGroup section */

/* Begin XCBuildConfiguration section */
		06E274181D5C26FC0034D325 /* Debug */ = {
			isa = XCBuildConfiguration;
			buildSettings = {
				ALWAYS_SEARCH_USER_PATHS = NO;
				CLANG_ANALYZER_NONNULL = YES;
				CLANG_CXX_LANGUAGE_STANDARD = "gnu++0x";
				CLANG_CXX_LIBRARY = "libc++";
				CLANG_ENABLE_MODULES = YES;
				CLANG_ENABLE_OBJC_ARC = YES;
				CLANG_WARN_BOOL_CONVERSION = YES;
				CLANG_WARN_CONSTANT_CONVERSION = YES;
				CLANG_WARN_DIRECT_OBJC_ISA_USAGE = YES_ERROR;
				CLANG_WARN_EMPTY_BODY = YES;
				CLANG_WARN_ENUM_CONVERSION = YES;
				CLANG_WARN_INT_CONVERSION = YES;
				CLANG_WARN_OBJC_ROOT_CLASS = YES_ERROR;
				CLANG_WARN_UNREACHABLE_CODE = YES;
				CLANG_WARN__DUPLICATE_METHOD_MATCH = YES;
				"CODE_SIGN_IDENTITY[sdk=iphoneos*]" = "iPhone Developer";
				COPY_PHASE_STRIP = NO;
				DEBUG_INFORMATION_FORMAT = dwarf;
				ENABLE_STRICT_OBJC_MSGSEND = YES;
				ENABLE_TESTABILITY = YES;
				GCC_C_LANGUAGE_STANDARD = gnu99;
				GCC_DYNAMIC_NO_PIC = NO;
				GCC_NO_COMMON_BLOCKS = YES;
				GCC_OPTIMIZATION_LEVEL = 0;
				GCC_PREPROCESSOR_DEFINITIONS = (
					"DEBUG=1",
					"$(inherited)",
				);
				GCC_WARN_64_TO_32_BIT_CONVERSION = YES;
				GCC_WARN_ABOUT_RETURN_TYPE = YES_ERROR;
				GCC_WARN_UNDECLARED_SELECTOR = YES;
				GCC_WARN_UNINITIALIZED_AUTOS = YES_AGGRESSIVE;
				GCC_WARN_UNUSED_FUNCTION = YES;
				GCC_WARN_UNUSED_VARIABLE = YES;
				IPHONEOS_DEPLOYMENT_TARGET = 9.3;
				MTL_ENABLE_DEBUG_INFO = YES;
				ONLY_ACTIVE_ARCH = YES;
				SDKROOT = iphoneos;
			};
			name = Debug;
		};
		06E274191D5C26FC0034D325 /* Release */ = {
			isa = XCBuildConfiguration;
			buildSettings = {
				ALWAYS_SEARCH_USER_PATHS = NO;
				CLANG_ANALYZER_NONNULL = YES;
				CLANG_CXX_LANGUAGE_STANDARD = "gnu++0x";
				CLANG_CXX_LIBRARY = "libc++";
				CLANG_ENABLE_MODULES = YES;
				CLANG_ENABLE_OBJC_ARC = YES;
				CLANG_WARN_BOOL_CONVERSION = YES;
				CLANG_WARN_CONSTANT_CONVERSION = YES;
				CLANG_WARN_DIRECT_OBJC_ISA_USAGE = YES_ERROR;
				CLANG_WARN_EMPTY_BODY = YES;
				CLANG_WARN_ENUM_CONVERSION = YES;
				CLANG_WARN_INT_CONVERSION = YES;
				CLANG_WARN_OBJC_ROOT_CLASS = YES_ERROR;
				CLANG_WARN_UNREACHABLE_CODE = YES;
				CLANG_WARN__DUPLICATE_METHOD_MATCH = YES;
				"CODE_SIGN_IDENTITY[sdk=iphoneos*]" = "iPhone Developer";
				COPY_PHASE_STRIP = NO;
				DEBUG_INFORMATION_FORMAT = "dwarf-with-dsym";
				ENABLE_NS_ASSERTIONS = NO;
				ENABLE_STRICT_OBJC_MSGSEND = YES;
				GCC_C_LANGUAGE_STANDARD = gnu99;
				GCC_NO_COMMON_BLOCKS = YES;
				GCC_WARN_64_TO_32_BIT_CONVERSION = YES;
				GCC_WARN_ABOUT_RETURN_TYPE = YES_ERROR;
				GCC_WARN_UNDECLARED_SELECTOR = YES;
				GCC_WARN_UNINITIALIZED_AUTOS = YES_AGGRESSIVE;
				GCC_WARN_UNUSED_FUNCTION = YES;
				GCC_WARN_UNUSED_VARIABLE = YES;
				IPHONEOS_DEPLOYMENT_TARGET = 9.3;
				MTL_ENABLE_DEBUG_INFO = NO;
				SDKROOT = iphoneos;
				VALIDATE_PRODUCT = YES;
			};
			name = Release;
		};
		06E2741B1D5C26FC0034D325 /* Debug */ = {
			isa = XCBuildConfiguration;
			buildSettings = {
				ASSETCATALOG_COMPILER_APPICON_NAME = AppIcon;
				INFOPLIST_FILE = GridTable/Info.plist;
				LD_RUNPATH_SEARCH_PATHS = "$(inherited) @executable_path/Frameworks";
				PRODUCT_BUNDLE_IDENTIFIER = com.anyapps.GridTable;
				PRODUCT_NAME = "$(TARGET_NAME)";
			};
			name = Debug;
		};
		06E2741C1D5C26FC0034D325 /* Release */ = {
			isa = XCBuildConfiguration;
			buildSettings = {
				ASSETCATALOG_COMPILER_APPICON_NAME = AppIcon;
				INFOPLIST_FILE = GridTable/Info.plist;
				LD_RUNPATH_SEARCH_PATHS = "$(inherited) @executable_path/Frameworks";
				PRODUCT_BUNDLE_IDENTIFIER = com.anyapps.GridTable;
				PRODUCT_NAME = "$(TARGET_NAME)";
			};
			name = Release;
		};
/* End XCBuildConfiguration section */

/* Begin XCConfigurationList section */
		06E273FE1D5C26FC0034D325 /* Build configuration list for PBXProject "GridTable" */ = {
			isa = XCConfigurationList;
			buildConfigurations = (
				06E274181D5C26FC0034D325 /* Debug */,
				06E274191D5C26FC0034D325 /* Release */,
			);
			defaultConfigurationIsVisible = 0;
			defaultConfigurationName = Release;
		};
		06E2741A1D5C26FC0034D325 /* Build configuration list for PBXNativeTarget "GridTable" */ = {
			isa = XCConfigurationList;
			buildConfigurations = (
				06E2741B1D5C26FC0034D325 /* Debug */,
				06E2741C1D5C26FC0034D325 /* Release */,
			);
			defaultConfigurationIsVisible = 0;
		};
/* End XCConfigurationList section */
	};
	rootObject = 06E273FB1D5C26FC0034D325 /* Project object */;
}
